hash: 01bdfa1a6b5784cb8167a9c81b5008ce22e84a397f01f928f4d09f713a7d0996
updated: 2019-02-13T19:59:28.738176-05:00
imports:
- name: github.com/onsi/ginkgo
  version: 2e1be8f7d90e9d3e3e58b0ce470f2f14d075406f
- name: github.com/onsi/gomega
  version: 65fb64232476ad9046e57c26cd0bff3d3a8dc6cd
testImports: []
